
Microsoft Visual Studio Solution File, Format Version 12.00
# Visual Studio Version 16
VisualStudioVersion = 16.0.30804.86
MinimumVisualStudioVersion = 10.0.40219.1
Project("{FAE04EC0-301F-11D3-BF4B-00C04F79EFBC}") = "CalcWhatever", "CalcWhatever\CalcWhatever.csproj", "{62A1CC47-25B8-44F6-871D-57A6EC082AC1}"
EndProject
Project("{9A19103F-16F7-4668-BE54-9A1E7A4F7556}") = "CalculateTests", "CalcUnitTestIdontCare\CalculateTests.csproj", "{19FE19CB-649A-4053-AA50-AF2782D7A9D4}"
EndProject
Global
	GlobalSection(SolutionConfigurationPlatforms) = preSolution
		Debug|Any CPU = Debug|Any CPU
		Release|Any CPU = Release|Any CPU
	EndGlobalSection
	GlobalSection(ProjectConfigurationPlatforms) = postSolution
		{62A1CC47-25B8-44F6-871D-57A6EC082AC1}.Debug|Any CPU.ActiveCfg = Debug|Any CPU
		{62A1CC47-25B8-44F6-871D-57A6EC082AC1}.Debug|Any CPU.Build.0 = Debug|Any CPU
		{62A1CC47-25B8-44F6-871D-57A6EC082AC1}.Release|Any CPU.ActiveCfg = Release|Any CPU
		{62A1CC47-25B8-44F6-871D-57A6EC082AC1}.Release|Any CPU.Build.0 = Release|Any CPU
		{19FE19CB-649A-4053-AA50-AF2782D7A9D4}.Debug|Any CPU.ActiveCfg = Debug|Any CPU
		{19FE19CB-649A-4053-AA50-AF2782D7A9D4}.Debug|Any CPU.Build.0 = Debug|Any CPU
		{19FE19CB-649A-4053-AA50-AF2782D7A9D4}.Release|Any CPU.ActiveCfg = Release|Any CPU
		{19FE19CB-649A-4053-AA50-AF2782D7A9D4}.Release|Any CPU.Build.0 = Release|Any CPU
	EndGlobalSection
	GlobalSection(SolutionProperties) = preSolution
		HideSolutionNode = FALSE
	EndGlobalSection
	GlobalSection(ExtensibilityGlobals) = postSolution
		SolutionGuid = {2FE4A6F4-40CF-436D-A292-85CC2448F764}
	EndGlobalSection
EndGlobal
